// !$*UTF8*$!
{
	archiveVersion = 1;
	classes = {
	};
	objectVersion = 56;
	objects = {

/* Begin PBXBuildFile section */
		9F25066F2B6D6ABC00FB32B8 /* HeroHeaderUIView.swift in Sources */ = {isa = PBXBuildFile; fileRef = 9F25066E2B6D6ABC00FB32B8 /* HeroHeaderUIView.swift */; };
		9F53876E2B79105400EAD482 /* MovieDetailViewController.swift in Sources */ = {isa = PBXBuildFile; fileRef = 9F53876D2B79105400EAD482 /* MovieDetailViewController.swift */; };
		9F5387702B79236000EAD482 /* TitlePreviewViewModel.swift in Sources */ = {isa = PBXBuildFile; fileRef = 9F53876F2B79236000EAD482 /* TitlePreviewViewModel.swift */; };
		9F680A3D2B6ECCC5009CF371 /* Extensions.swift in Sources */ = {isa = PBXBuildFile; fileRef = 9F680A3C2B6ECCC5009CF371 /* Extensions.swift */; };
		9F680A452B6EF28B009CF371 /* Title.swift in Sources */ = {isa = PBXBuildFile; fileRef = 9F680A442B6EF28B009CF371 /* Title.swift */; };
		9F680A472B6EF734009CF371 /* TitleCollectionViewCell.swift in Sources */ = {isa = PBXBuildFile; fileRef = 9F680A462B6EF734009CF371 /* TitleCollectionViewCell.swift */; };
		9F680A4A2B6EFABE009CF371 /* SDWebImage in Frameworks */ = {isa = PBXBuildFile; productRef = 9F680A492B6EFABE009CF371 /* SDWebImage */; };
		9F680A4C2B6EFABE009CF371 /* SDWebImageMapKit in Frameworks */ = {isa = PBXBuildFile; productRef = 9F680A4B2B6EFABE009CF371 /* SDWebImageMapKit */; };
		9F7DF16F2B7129B40053452B /* UpcomingTableViewCell.swift in Sources */ = {isa = PBXBuildFile; fileRef = 9F7DF16E2B7129B40053452B /* UpcomingTableViewCell.swift */; };
		9F7DF1712B719EC60053452B /* ViewModel.swift in Sources */ = {isa = PBXBuildFile; fileRef = 9F7DF1702B719EC60053452B /* ViewModel.swift */; };
		9FB17D3C2B6C3F3300D10A4D /* AppDelegate.swift in Sources */ = {isa = PBXBuildFile; fileRef = 9FB17D3B2B6C3F3300D10A4D /* AppDelegate.swift */; };
		9FB17D3E2B6C3F3300D10A4D /* SceneDelegate.swift in Sources */ = {isa = PBXBuildFile; fileRef = 9FB17D3D2B6C3F3300D10A4D /* SceneDelegate.swift */; };
		9FB17D452B6C3F3400D10A4D /* Assets.xcassets in Resources */ = {isa = PBXBuildFile; fileRef = 9FB17D442B6C3F3400D10A4D /* Assets.xcassets */; };
		9FB17D482B6C3F3400D10A4D /* LaunchScreen.storyboard in Resources */ = {isa = PBXBuildFile; fileRef = 9FB17D462B6C3F3400D10A4D /* LaunchScreen.storyboard */; };
		9FB17D532B6C3F3400D10A4D /* Netflix_CloneTests.swift in Sources */ = {isa = PBXBuildFile; fileRef = 9FB17D522B6C3F3400D10A4D /* Netflix_CloneTests.swift */; };
		9FB17D5D2B6C3F3400D10A4D /* Netflix_CloneUITests.swift in Sources */ = {isa = PBXBuildFile; fileRef = 9FB17D5C2B6C3F3400D10A4D /* Netflix_CloneUITests.swift */; };
		9FB17D5F2B6C3F3400D10A4D /* Netflix_CloneUITestsLaunchTests.swift in Sources */ = {isa = PBXBuildFile; fileRef = 9FB17D5E2B6C3F3400D10A4D /* Netflix_CloneUITestsLaunchTests.swift */; };
		9FB17D6E2B6C495C00D10A4D /* MainTabBarController.swift in Sources */ = {isa = PBXBuildFile; fileRef = 9FB17D6D2B6C495C00D10A4D /* MainTabBarController.swift */; };
		9FB17D712B6C49E600D10A4D /* HomeViewController.swift in Sources */ = {isa = PBXBuildFile; fileRef = 9FB17D702B6C49E600D10A4D /* HomeViewController.swift */; };
		9FB17D732B6C49F100D10A4D /* UpComingViewController.swift in Sources */ = {isa = PBXBuildFile; fileRef = 9FB17D722B6C49F100D10A4D /* UpComingViewController.swift */; };
		9FB17D762B6C4A1500D10A4D /* SearchViewController.swift in Sources */ = {isa = PBXBuildFile; fileRef = 9FB17D752B6C4A1500D10A4D /* SearchViewController.swift */; };
		9FB17D782B6C4A2100D10A4D /* DownloadViewController.swift in Sources */ = {isa = PBXBuildFile; fileRef = 9FB17D772B6C4A2100D10A4D /* DownloadViewController.swift */; };
		9FB258B92B6E918300ACAE60 /* APIService.swift in Sources */ = {isa = PBXBuildFile; fileRef = 9FB258B82B6E918300ACAE60 /* APIService.swift */; };
		9FDD77822B6D2F680041EED3 /* CollectionViewTableViewCell.swift in Sources */ = {isa = PBXBuildFile; fileRef = 9FDD77812B6D2F680041EED3 /* CollectionViewTableViewCell.swift */; };
		9FF169CD2B744ACE00F53868 /* SearchResultViewController.swift in Sources */ = {isa = PBXBuildFile; fileRef = 9FF169CC2B744ACE00F53868 /* SearchResultViewController.swift */; };
		9FF939A32B78303500AAE5CE /* YoutubeResponseModel.swift in Sources */ = {isa = PBXBuildFile; fileRef = 9FF939A22B78303500AAE5CE /* YoutubeResponseModel.swift */; };
/* End PBXBuildFile section */

/* Begin PBXContainerItemProxy section */
		9FB17D4F2B6C3F3400D10A4D /* PBXContainerItemProxy */ = {
			isa = PBXContainerItemProxy;
			containerPortal = 9FB17D302B6C3F3300D10A4D /* Project object */;
			proxyType = 1;
			remoteGlobalIDString = 9FB17D372B6C3F3300D10A4D;
			remoteInfo = "Netflix Clone";
		};
		9FB17D592B6C3F3400D10A4D /* PBXContainerItemProxy */ = {
			isa = PBXContainerItemProxy;
			containerPortal = 9FB17D302B6C3F3300D10A4D /* Project object */;
			proxyType = 1;
			remoteGlobalIDString = 9FB17D372B6C3F3300D10A4D;
			remoteInfo = "Netflix Clone";
		};
/* End PBXContainerItemProxy section */

/* Begin PBXFileReference section */
		9F25066E2B6D6ABC00FB32B8 /* HeroHeaderUIView.swift */ = {isa = PBXFileReference; lastKnownFileType = sourcecode.swift; path = HeroHeaderUIView.swift; sourceTree = "<group>"; };
		9F53876D2B79105400EAD482 /* MovieDetailViewController.swift */ = {isa = PBXFileReference; lastKnownFileType = sourcecode.swift; path = MovieDetailViewController.swift; sourceTree = "<group>"; };
		9F53876F2B79236000EAD482 /* TitlePreviewViewModel.swift */ = {isa = PBXFileReference; lastKnownFileType = sourcecode.swift; path = TitlePreviewViewModel.swift; sourceTree = "<group>"; };
		9F680A3C2B6ECCC5009CF371 /* Extensions.swift */ = {isa = PBXFileReference; lastKnownFileType = sourcecode.swift; path = Extensions.swift; sourceTree = "<group>"; };
		9F680A442B6EF28B009CF371 /* Title.swift */ = {isa = PBXFileReference; lastKnownFileType = sourcecode.swift; path = Title.swift; sourceTree = "<group>"; };
		9F680A462B6EF734009CF371 /* TitleCollectionViewCell.swift */ = {isa = PBXFileReference; lastKnownFileType = sourcecode.swift; path = TitleCollectionViewCell.swift; sourceTree = "<group>"; };
		9F7DF16E2B7129B40053452B /* UpcomingTableViewCell.swift */ = {isa = PBXFileReference; lastKnownFileType = sourcecode.swift; path = UpcomingTableViewCell.swift; sourceTree = "<group>"; };
		9F7DF1702B719EC60053452B /* ViewModel.swift */ = {isa = PBXFileReference; lastKnownFileType = sourcecode.swift; path = ViewModel.swift; sourceTree = "<group>"; };
		9FB17D382B6C3F3300D10A4D /* Netflix Clone.app */ = {isa = PBXFileReference; explicitFileType = wrapper.application; includeInIndex = 0; path = "Netflix Clone.app"; sourceTree = BUILT_PRODUCTS_DIR; };
		9FB17D3B2B6C3F3300D10A4D /* AppDelegate.swift */ = {isa = PBXFileReference; lastKnownFileType = sourcecode.swift; path = AppDelegate.swift; sourceTree = "<group>"; };
		9FB17D3D2B6C3F3300D10A4D /* SceneDelegate.swift */ = {isa = PBXFileReference; lastKnownFileType = sourcecode.swift; path = SceneDelegate.swift; sourceTree = "<group>"; };
		9FB17D442B6C3F3400D10A4D /* Assets.xcassets */ = {isa = PBXFileReference; lastKnownFileType = folder.assetcatalog; path = Assets.xcassets; sourceTree = "<group>"; };
		9FB17D472B6C3F3400D10A4D /* Base */ = {isa = PBXFileReference; lastKnownFileType = file.storyboard; name = Base; path = Base.lproj/LaunchScreen.storyboard; sourceTree = "<group>"; };
		9FB17D492B6C3F3400D10A4D /* Info.plist */ = {isa = PBXFileReference; lastKnownFileType = text.plist.xml; path = Info.plist; sourceTree = "<group>"; };
		9FB17D4E2B6C3F3400D10A4D /* Netflix CloneTests.xctest */ = {isa = PBXFileReference; explicitFileType = wrapper.cfbundle; includeInIndex = 0; path = "Netflix CloneTests.xctest"; sourceTree = BUILT_PRODUCTS_DIR; };
		9FB17D522B6C3F3400D10A4D /* Netflix_CloneTests.swift */ = {isa = PBXFileReference; lastKnownFileType = sourcecode.swift; path = Netflix_CloneTests.swift; sourceTree = "<group>"; };
		9FB17D582B6C3F3400D10A4D /* Netflix CloneUITests.xctest */ = {isa = PBXFileReference; explicitFileType = wrapper.cfbundle; includeInIndex = 0; path = "Netflix CloneUITests.xctest"; sourceTree = BUILT_PRODUCTS_DIR; };
		9FB17D5C2B6C3F3400D10A4D /* Netflix_CloneUITests.swift */ = {isa = PBXFileReference; lastKnownFileType = sourcecode.swift; path = Netflix_CloneUITests.swift; sourceTree = "<group>"; };
		9FB17D5E2B6C3F3400D10A4D /* Netflix_CloneUITestsLaunchTests.swift */ = {isa = PBXFileReference; lastKnownFileType = sourcecode.swift; path = Netflix_CloneUITestsLaunchTests.swift; sourceTree = "<group>"; };
		9FB17D6D2B6C495C00D10A4D /* MainTabBarController.swift */ = {isa = PBXFileReference; lastKnownFileType = sourcecode.swift; path = MainTabBarController.swift; sourceTree = "<group>"; };
		9FB17D702B6C49E600D10A4D /* HomeViewController.swift */ = {isa = PBXFileReference; lastKnownFileType = sourcecode.swift; path = HomeViewController.swift; sourceTree = "<group>"; };
		9FB17D722B6C49F100D10A4D /* UpComingViewController.swift */ = {isa = PBXFileReference; lastKnownFileType = sourcecode.swift; path = UpComingViewController.swift; sourceTree = "<group>"; };
		9FB17D752B6C4A1500D10A4D /* SearchViewController.swift */ = {isa = PBXFileReference; lastKnownFileType = sourcecode.swift; path = SearchViewController.swift; sourceTree = "<group>"; };
		9FB17D772B6C4A2100D10A4D /* DownloadViewController.swift */ = {isa = PBXFileReference; lastKnownFileType = sourcecode.swift; path = DownloadViewController.swift; sourceTree = "<group>"; };
		9FB258B82B6E918300ACAE60 /* APIService.swift */ = {isa = PBXFileReference; lastKnownFileType = sourcecode.swift; path = APIService.swift; sourceTree = "<group>"; };
		9FDD77812B6D2F680041EED3 /* CollectionViewTableViewCell.swift */ = {isa = PBXFileReference; lastKnownFileType = sourcecode.swift; path = CollectionViewTableViewCell.swift; sourceTree = "<group>"; };
		9FF169CC2B744ACE00F53868 /* SearchResultViewController.swift */ = {isa = PBXFileReference; lastKnownFileType = sourcecode.swift; path = SearchResultViewController.swift; sourceTree = "<group>"; };
		9FF939A22B78303500AAE5CE /* YoutubeResponseModel.swift */ = {isa = PBXFileReference; lastKnownFileType = sourcecode.swift; path = YoutubeResponseModel.swift; sourceTree = "<group>"; };
/* End PBXFileReference section */

/* Begin PBXFrameworksBuildPhase section */
		9FB17D352B6C3F3300D10A4D /* Frameworks */ = {
			isa = PBXFrameworksBuildPhase;
			buildActionMask = 2147483647;
			files = (
				9F680A4C2B6EFABE009CF371 /* SDWebImageMapKit in Frameworks */,
				9F680A4A2B6EFABE009CF371 /* SDWebImage in Frameworks */,
			);
			runOnlyForDeploymentPostprocessing = 0;
		};
		9FB17D4B2B6C3F3400D10A4D /* Frameworks */ = {
			isa = PBXFrameworksBuildPhase;
			buildActionMask = 2147483647;
			files = (
			);
			runOnlyForDeploymentPostprocessing = 0;
		};
		9FB17D552B6C3F3400D10A4D /* Frameworks */ = {
			isa = PBXFrameworksBuildPhase;
			buildActionMask = 2147483647;
			files = (
			);
			runOnlyForDeploymentPostprocessing = 0;
		};
/* End PBXFrameworksBuildPhase section */

/* Begin PBXGroup section */
		9F7CA2AA2B75873000F586B2 /* Core */ = {
			isa = PBXGroup;
			children = (
				9FB17D772B6C4A2100D10A4D /* DownloadViewController.swift */,
				9FB17D752B6C4A1500D10A4D /* SearchViewController.swift */,
				9FB17D722B6C49F100D10A4D /* UpComingViewController.swift */,
				9FB17D702B6C49E600D10A4D /* HomeViewController.swift */,
			);
			path = Core;
			sourceTree = "<group>";
		};
		9F7CA2AB2B75873800F586B2 /* General */ = {
			isa = PBXGroup;
			children = (
				9F53876D2B79105400EAD482 /* MovieDetailViewController.swift */,
				9FF169CC2B744ACE00F53868 /* SearchResultViewController.swift */,
			);
			path = General;
			sourceTree = "<group>";
		};
		9FB17D2F2B6C3F3300D10A4D = {
			isa = PBXGroup;
			children = (
				9FB17D3A2B6C3F3300D10A4D /* Netflix Clone */,
				9FB17D512B6C3F3400D10A4D /* Netflix CloneTests */,
				9FB17D5B2B6C3F3400D10A4D /* Netflix CloneUITests */,
				9FB17D392B6C3F3300D10A4D /* Products */,
			);
			sourceTree = "<group>";
		};
		9FB17D392B6C3F3300D10A4D /* Products */ = {
			isa = PBXGroup;
			children = (
				9FB17D382B6C3F3300D10A4D /* Netflix Clone.app */,
				9FB17D4E2B6C3F3400D10A4D /* Netflix CloneTests.xctest */,
				9FB17D582B6C3F3400D10A4D /* Netflix CloneUITests.xctest */,
			);
			name = Products;
			sourceTree = "<group>";
		};
		9FB17D3A2B6C3F3300D10A4D /* Netflix Clone */ = {
			isa = PBXGroup;
			children = (
				9FDD77802B6D2EDB0041EED3 /* Managers */,
				9FDD777C2B6D2E940041EED3 /* Models */,
				9FDD777D2B6D2E9B0041EED3 /* Views */,
				9FDD777E2B6D2EA00041EED3 /* ViewModels */,
				9FDD777F2B6D2EA60041EED3 /* Resources */,
				9FB17D6F2B6C49BF00D10A4D /* Controllers */,
				9FB17D3B2B6C3F3300D10A4D /* AppDelegate.swift */,
				9FB17D3D2B6C3F3300D10A4D /* SceneDelegate.swift */,
				9FB17D442B6C3F3400D10A4D /* Assets.xcassets */,
				9FB17D462B6C3F3400D10A4D /* LaunchScreen.storyboard */,
				9FB17D492B6C3F3400D10A4D /* Info.plist */,
				9FB17D6D2B6C495C00D10A4D /* MainTabBarController.swift */,
			);
			path = "Netflix Clone";
			sourceTree = "<group>";
		};
		9FB17D512B6C3F3400D10A4D /* Netflix CloneTests */ = {
			isa = PBXGroup;
			children = (
				9FB17D522B6C3F3400D10A4D /* Netflix_CloneTests.swift */,
			);
			path = "Netflix CloneTests";
			sourceTree = "<group>";
		};
		9FB17D5B2B6C3F3400D10A4D /* Netflix CloneUITests */ = {
			isa = PBXGroup;
			children = (
				9FB17D5C2B6C3F3400D10A4D /* Netflix_CloneUITests.swift */,
				9FB17D5E2B6C3F3400D10A4D /* Netflix_CloneUITestsLaunchTests.swift */,
			);
			path = "Netflix CloneUITests";
			sourceTree = "<group>";
		};
		9FB17D6F2B6C49BF00D10A4D /* Controllers */ = {
			isa = PBXGroup;
			children = (
				9F7CA2AB2B75873800F586B2 /* General */,
				9F7CA2AA2B75873000F586B2 /* Core */,
			);
			path = Controllers;
			sourceTree = "<group>";
		};
		9FDD777C2B6D2E940041EED3 /* Models */ = {
			isa = PBXGroup;
			children = (
				9F680A442B6EF28B009CF371 /* Title.swift */,
				9FF939A22B78303500AAE5CE /* YoutubeResponseModel.swift */,
			);
			path = Models;
			sourceTree = "<group>";
		};
		9FDD777D2B6D2E9B0041EED3 /* Views */ = {
			isa = PBXGroup;
			children = (
				9FDD77812B6D2F680041EED3 /* CollectionViewTableViewCell.swift */,
				9F25066E2B6D6ABC00FB32B8 /* HeroHeaderUIView.swift */,
				9F680A462B6EF734009CF371 /* TitleCollectionViewCell.swift */,
				9F7DF16E2B7129B40053452B /* UpcomingTableViewCell.swift */,
			);
			path = Views;
			sourceTree = "<group>";
		};
		9FDD777E2B6D2EA00041EED3 /* ViewModels */ = {
			isa = PBXGroup;
			children = (
				9F7DF1702B719EC60053452B /* ViewModel.swift */,
				9F53876F2B79236000EAD482 /* TitlePreviewViewModel.swift */,
			);
			path = ViewModels;
			sourceTree = "<group>";
		};
		9FDD777F2B6D2EA60041EED3 /* Resources */ = {
			isa = PBXGroup;
			children = (
				9F680A3C2B6ECCC5009CF371 /* Extensions.swift */,
			);
			path = Resources;
			sourceTree = "<group>";
		};
		9FDD77802B6D2EDB0041EED3 /* Managers */ = {
			isa = PBXGroup;
			children = (
				9FB258B82B6E918300ACAE60 /* APIService.swift */,
			);
			path = Managers;
			sourceTree = "<group>";
		};
/* End PBXGroup section */

/* Begin PBXNativeTarget section */
		9FB17D372B6C3F3300D10A4D /* Netflix Clone */ = {
			isa = PBXNativeTarget;
			buildConfigurationList = 9FB17D622B6C3F3400D10A4D /* Build configuration list for PBXNativeTarget "Netflix Clone" */;
			buildPhases = (
				9FB17D342B6C3F3300D10A4D /* Sources */,
				9FB17D352B6C3F3300D10A4D /* Frameworks */,
				9FB17D362B6C3F3300D10A4D /* Resources */,
			);
			buildRules = (
			);
			dependencies = (
			);
			name = "Netflix Clone";
			packageProductDependencies = (
				9F680A492B6EFABE009CF371 /* SDWebImage */,
				9F680A4B2B6EFABE009CF371 /* SDWebImageMapKit */,
			);
			productName = "Netflix Clone";
			productReference = 9FB17D382B6C3F3300D10A4D /* Netflix Clone.app */;
			productType = "com.apple.product-type.application";
		};
		9FB17D4D2B6C3F3400D10A4D /* Netflix CloneTests */ = {
			isa = PBXNativeTarget;
			buildConfigurationList = 9FB17D652B6C3F3400D10A4D /* Build configuration list for PBXNativeTarget "Netflix CloneTests" */;
			buildPhases = (
				9FB17D4A2B6C3F3400D10A4D /* Sources */,
				9FB17D4B2B6C3F3400D10A4D /* Frameworks */,
				9FB17D4C2B6C3F3400D10A4D /* Resources */,
			);
			buildRules = (
			);
			dependencies = (
				9FB17D502B6C3F3400D10A4D /* PBXTargetDependency */,
			);
			name = "Netflix CloneTests";
			productName = "Netflix CloneTests";
			productReference = 9FB17D4E2B6C3F3400D10A4D /* Netflix CloneTests.xctest */;
			productType = "com.apple.product-type.bundle.unit-test";
		};
		9FB17D572B6C3F3400D10A4D /* Netflix CloneUITests */ = {
			isa = PBXNativeTarget;
			buildConfigurationList = 9FB17D682B6C3F3400D10A4D /* Build configuration list for PBXNativeTarget "Netflix CloneUITests" */;
			buildPhases = (
				9FB17D542B6C3F3400D10A4D /* Sources */,
				9FB17D552B6C3F3400D10A4D /* Frameworks */,
				9FB17D562B6C3F3400D10A4D /* Resources */,
			);
			buildRules = (
			);
			dependencies = (
				9FB17D5A2B6C3F3400D10A4D /* PBXTargetDependency */,
			);
			name = "Netflix CloneUITests";
			productName = "Netflix CloneUITests";
			productReference = 9FB17D582B6C3F3400D10A4D /* Netflix CloneUITests.xctest */;
			productType = "com.apple.product-type.bundle.ui-testing";
		};
/* End PBXNativeTarget section */

/* Begin PBXProject section */
		9FB17D302B6C3F3300D10A4D /* Project object */ = {
			isa = PBXProject;
			attributes = {
				BuildIndependentTargetsInParallel = 1;
				LastSwiftUpdateCheck = 1430;
				LastUpgradeCheck = 1430;
				TargetAttributes = {
					9FB17D372B6C3F3300D10A4D = {
						CreatedOnToolsVersion = 14.3.1;
					};
					9FB17D4D2B6C3F3400D10A4D = {
						CreatedOnToolsVersion = 14.3.1;
						TestTargetID = 9FB17D372B6C3F3300D10A4D;
					};
					9FB17D572B6C3F3400D10A4D = {
						CreatedOnToolsVersion = 14.3.1;
						TestTargetID = 9FB17D372B6C3F3300D10A4D;
					};
				};
			};
			buildConfigurationList = 9FB17D332B6C3F3300D10A4D /* Build configuration list for PBXProject "Netflix Clone" */;
			compatibilityVersion = "Xcode 14.0";
			developmentRegion = en;
			hasScannedForEncodings = 0;
			knownRegions = (
				en,
				Base,
			);
			mainGroup = 9FB17D2F2B6C3F3300D10A4D;
			packageReferences = (
				9F680A482B6EFABE009CF371 /* XCRemoteSwiftPackageReference "SDWebImage" */,
			);
			productRefGroup = 9FB17D392B6C3F3300D10A4D /* Products */;
			projectDirPath = "";
			projectRoot = "";
			targets = (
				9FB17D372B6C3F3300D10A4D /* Netflix Clone */,
				9FB17D4D2B6C3F3400D10A4D /* Netflix CloneTests */,
				9FB17D572B6C3F3400D10A4D /* Netflix CloneUITests */,
			);
		};
/* End PBXProject section */

/* Begin PBXResourcesBuildPhase section */
		9FB17D362B6C3F3300D10A4D /* Resources */ = {
			isa = PBXResourcesBuildPhase;
			buildActionMask = 2147483647;
			files = (
				9FB17D482B6C3F3400D10A4D /* LaunchScreen.storyboard in Resources */,
				9FB17D452B6C3F3400D10A4D /* Assets.xcassets in Resources */,
			);
			runOnlyForDeploymentPostprocessing = 0;
		};
		9FB17D4C2B6C3F3400D10A4D /* Resources */ = {
			isa = PBXResourcesBuildPhase;
			buildActionMask = 2147483647;
			files = (
			);
			runOnlyForDeploymentPostprocessing = 0;
		};
		9FB17D562B6C3F3400D10A4D /* Resources */ = {
			isa = PBXResourcesBuildPhase;
			buildActionMask = 2147483647;
			files = (
			);
			runOnlyForDeploymentPostprocessing = 0;
		};
/* End PBXResourcesBuildPhase section */

/* Begin PBXSourcesBuildPhase section */
		9FB17D342B6C3F3300D10A4D /* Sources */ = {
			isa = PBXSourcesBuildPhase;
			buildActionMask = 2147483647;
			files = (
				9FB17D762B6C4A1500D10A4D /* SearchViewController.swift in Sources */,
				9FF939A32B78303500AAE5CE /* YoutubeResponseModel.swift in Sources */,
				9F680A472B6EF734009CF371 /* TitleCollectionViewCell.swift in Sources */,
				9FB17D3C2B6C3F3300D10A4D /* AppDelegate.swift in Sources */,
				9F7DF16F2B7129B40053452B /* UpcomingTableViewCell.swift in Sources */,
				9FDD77822B6D2F680041EED3 /* CollectionViewTableViewCell.swift in Sources */,
				9F25066F2B6D6ABC00FB32B8 /* HeroHeaderUIView.swift in Sources */,
				9F680A452B6EF28B009CF371 /* Title.swift in Sources */,
				9FB258B92B6E918300ACAE60 /* APIService.swift in Sources */,
				9FB17D3E2B6C3F3300D10A4D /* SceneDelegate.swift in Sources */,
				9FB17D782B6C4A2100D10A4D /* DownloadViewController.swift in Sources */,
				9F7DF1712B719EC60053452B /* ViewModel.swift in Sources */,
				9F680A3D2B6ECCC5009CF371 /* Extensions.swift in Sources */,
				9F5387702B79236000EAD482 /* TitlePreviewViewModel.swift in Sources */,
				9FB17D732B6C49F100D10A4D /* UpComingViewController.swift in Sources */,
				9FB17D6E2B6C495C00D10A4D /* MainTabBarController.swift in Sources */,
				9FF169CD2B744ACE00F53868 /* SearchResultViewController.swift in Sources */,
				9F53876E2B79105400EAD482 /* MovieDetailViewController.swift in Sources */,
				9FB17D712B6C49E600D10A4D /* HomeViewController.swift in Sources */,
			);
			runOnlyForDeploymentPostprocessing = 0;
		};
		9FB17D4A2B6C3F3400D10A4D /* Sources */ = {
			isa = PBXSourcesBuildPhase;
			buildActionMask = 2147483647;
			files = (
				9FB17D532B6C3F3400D10A4D /* Netflix_CloneTests.swift in Sources */,
			);
			runOnlyForDeploymentPostprocessing = 0;
		};
		9FB17D542B6C3F3400D10A4D /* Sources */ = {
			isa = PBXSourcesBuildPhase;
			buildActionMask = 2147483647;
			files = (
				9FB17D5D2B6C3F3400D10A4D /* Netflix_CloneUITests.swift in Sources */,
				9FB17D5F2B6C3F3400D10A4D /* Netflix_CloneUITestsLaunchTests.swift in Sources */,
			);
			runOnlyForDeploymentPostprocessing = 0;
		};
/* End PBXSourcesBuildPhase section */

/* Begin PBXTargetDependency section */
		9FB17D502B6C3F3400D10A4D /* PBXTargetDependency */ = {
			isa = PBXTargetDependency;
			target = 9FB17D372B6C3F3300D10A4D /* Netflix Clone */;
			targetProxy = 9FB17D4F2B6C3F3400D10A4D /* PBXContainerItemProxy */;
		};
		9FB17D5A2B6C3F3400D10A4D /* PBXTargetDependency */ = {
			isa = PBXTargetDependency;
			target = 9FB17D372B6C3F3300D10A4D /* Netflix Clone */;
			targetProxy = 9FB17D592B6C3F3400D10A4D /* PBXContainerItemProxy */;
		};
/* End PBXTargetDependency section */

/* Begin PBXVariantGroup section */
		9FB17D462B6C3F3400D10A4D /* LaunchScreen.storyboard */ = {
			isa = PBXVariantGroup;
			children = (
				9FB17D472B6C3F3400D10A4D /* Base */,
			);
			name = LaunchScreen.storyboard;
			sourceTree = "<group>";
		};
/* End PBXVariantGroup section */

/* Begin XCBuildConfiguration section */
		9FB17D602B6C3F3400D10A4D /* Debug */ = {
			isa = XCBuildConfiguration;
			buildSettings = {
				ALWAYS_SEARCH_USER_PATHS = NO;
				CLANG_ANALYZER_NONNULL = YES;
				CLANG_ANALYZER_NUMBER_OBJECT_CONVERSION = YES_AGGRESSIVE;
				CLANG_CXX_LANGUAGE_STANDARD = "gnu++20";
				CLANG_ENABLE_MODULES = YES;
				CLANG_ENABLE_OBJC_ARC = YES;
				CLANG_ENABLE_OBJC_WEAK = YES;
				CLANG_WARN_BLOCK_CAPTURE_AUTORELEASING = YES;
				CLANG_WARN_BOOL_CONVERSION = YES;
				CLANG_WARN_COMMA = YES;
				CLANG_WARN_CONSTANT_CONVERSION = YES;
				CLANG_WARN_DEPRECATED_OBJC_IMPLEMENTATIONS = YES;
				CLANG_WARN_DIRECT_OBJC_ISA_USAGE = YES_ERROR;
				CLANG_WARN_DOCUMENTATION_COMMENTS = YES;
				CLANG_WARN_EMPTY_BODY = YES;
				CLANG_WARN_ENUM_CONVERSION = YES;
				CLANG_WARN_INFINITE_RECURSION = YES;
				CLANG_WARN_INT_CONVERSION = YES;
				CLANG_WARN_NON_LITERAL_NULL_CONVERSION = YES;
				CLANG_WARN_OBJC_IMPLICIT_RETAIN_SELF = YES;
				CLANG_WARN_OBJC_LITERAL_CONVERSION = YES;
				CLANG_WARN_OBJC_ROOT_CLASS = YES_ERROR;
				CLANG_WARN_QUOTED_INCLUDE_IN_FRAMEWORK_HEADER = YES;
				CLANG_WARN_RANGE_LOOP_ANALYSIS = YES;
				CLANG_WARN_STRICT_PROTOTYPES = YES;
				CLANG_WARN_SUSPICIOUS_MOVE = YES;
				CLANG_WARN_UNGUARDED_AVAILABILITY = YES_AGGRESSIVE;
				CLANG_WARN_UNREACHABLE_CODE = YES;
				CLANG_WARN__DUPLICATE_METHOD_MATCH = YES;
				COPY_PHASE_STRIP = NO;
				DEBUG_INFORMATION_FORMAT = dwarf;
				ENABLE_STRICT_OBJC_MSGSEND = YES;
				ENABLE_TESTABILITY = YES;
				GCC_C_LANGUAGE_STANDARD = gnu11;
				GCC_DYNAMIC_NO_PIC = NO;
				GCC_NO_COMMON_BLOCKS = YES;
				GCC_OPTIMIZATION_LEVEL = 0;
				GCC_PREPROCESSOR_DEFINITIONS = (
					"DEBUG=1",
					"$(inherited)",
				);
				GCC_WARN_64_TO_32_BIT_CONVERSION = YES;
				GCC_WARN_ABOUT_RETURN_TYPE = YES_ERROR;
				GCC_WARN_UNDECLARED_SELECTOR = YES;
				GCC_WARN_UNINITIALIZED_AUTOS = YES_AGGRESSIVE;
				GCC_WARN_UNUSED_FUNCTION = YES;
				GCC_WARN_UNUSED_VARIABLE = YES;
				IPHONEOS_DEPLOYMENT_TARGET = 16.4;
				MTL_ENABLE_DEBUG_INFO = INCLUDE_SOURCE;
				MTL_FAST_MATH = YES;
				ONLY_ACTIVE_ARCH = YES;
				SDKROOT = iphoneos;
				SWIFT_ACTIVE_COMPILATION_CONDITIONS = DEBUG;
				SWIFT_OPTIMIZATION_LEVEL = "-Onone";
			};
			name = Debug;
		};
		9FB17D612B6C3F3400D10A4D /* Release */ = {
			isa = XCBuildConfiguration;
			buildSettings = {
				ALWAYS_SEARCH_USER_PATHS = NO;
				CLANG_ANALYZER_NONNULL = YES;
				CLANG_ANALYZER_NUMBER_OBJECT_CONVERSION = YES_AGGRESSIVE;
				CLANG_CXX_LANGUAGE_STANDARD = "gnu++20";
				CLANG_ENABLE_MODULES = YES;
				CLANG_ENABLE_OBJC_ARC = YES;
				CLANG_ENABLE_OBJC_WEAK = YES;
				CLANG_WARN_BLOCK_CAPTURE_AUTORELEASING = YES;
				CLANG_WARN_BOOL_CONVERSION = YES;
				CLANG_WARN_COMMA = YES;
				CLANG_WARN_CONSTANT_CONVERSION = YES;
				CLANG_WARN_DEPRECATED_OBJC_IMPLEMENTATIONS = YES;
				CLANG_WARN_DIRECT_OBJC_ISA_USAGE = YES_ERROR;
				CLANG_WARN_DOCUMENTATION_COMMENTS = YES;
				CLANG_WARN_EMPTY_BODY = YES;
				CLANG_WARN_ENUM_CONVERSION = YES;
				CLANG_WARN_INFINITE_RECURSION = YES;
				CLANG_WARN_INT_CONVERSION = YES;
				CLANG_WARN_NON_LITERAL_NULL_CONVERSION = YES;
				CLANG_WARN_OBJC_IMPLICIT_RETAIN_SELF = YES;
				CLANG_WARN_OBJC_LITERAL_CONVERSION = YES;
				CLANG_WARN_OBJC_ROOT_CLASS = YES_ERROR;
				CLANG_WARN_QUOTED_INCLUDE_IN_FRAMEWORK_HEADER = YES;
				CLANG_WARN_RANGE_LOOP_ANALYSIS = YES;
				CLANG_WARN_STRICT_PROTOTYPES = YES;
				CLANG_WARN_SUSPICIOUS_MOVE = YES;
				CLANG_WARN_UNGUARDED_AVAILABILITY = YES_AGGRESSIVE;
				CLANG_WARN_UNREACHABLE_CODE = YES;
				CLANG_WARN__DUPLICATE_METHOD_MATCH = YES;
				COPY_PHASE_STRIP = NO;
				DEBUG_INFORMATION_FORMAT = "dwarf-with-dsym";
				ENABLE_NS_ASSERTIONS = NO;
				ENABLE_STRICT_OBJC_MSGSEND = YES;
				GCC_C_LANGUAGE_STANDARD = gnu11;
				GCC_NO_COMMON_BLOCKS = YES;
				GCC_WARN_64_TO_32_BIT_CONVERSION = YES;
				GCC_WARN_ABOUT_RETURN_TYPE = YES_ERROR;
				GCC_WARN_UNDECLARED_SELECTOR = YES;
				GCC_WARN_UNINITIALIZED_AUTOS = YES_AGGRESSIVE;
				GCC_WARN_UNUSED_FUNCTION = YES;
				GCC_WARN_UNUSED_VARIABLE = YES;
				IPHONEOS_DEPLOYMENT_TARGET = 16.4;
				MTL_ENABLE_DEBUG_INFO = NO;
				MTL_FAST_MATH = YES;
				SDKROOT = iphoneos;
				SWIFT_COMPILATION_MODE = wholemodule;
				SWIFT_OPTIMIZATION_LEVEL = "-O";
				VALIDATE_PRODUCT = YES;
			};
			name = Release;
		};
		9FB17D632B6C3F3400D10A4D /* Debug */ = {
			isa = XCBuildConfiguration;
			buildSettings = {
				ASSETCATALOG_COMPILER_APPICON_NAME = AppIcon;
				ASSETCATALOG_COMPILER_GLOBAL_ACCENT_COLOR_NAME = AccentColor;
				CODE_SIGN_STYLE = Automatic;
				CURRENT_PROJECT_VERSION = 1;
				DEVELOPMENT_TEAM = NMQPZAU46W;
				GENERATE_INFOPLIST_FILE = YES;
				INFOPLIST_FILE = "Netflix Clone/Info.plist";
				INFOPLIST_KEY_UIApplicationSupportsIndirectInputEvents = YES;
				INFOPLIST_KEY_UILaunchStoryboardName = LaunchScreen;
				INFOPLIST_KEY_UIStatusBarStyle = "";
				INFOPLIST_KEY_UISupportedInterfaceOrientations_iPad = "UIInterfaceOrientationPortrait UIInterfaceOrientationPortraitUpsideDown UIInterfaceOrientationLandscapeLeft UIInterfaceOrientationLandscapeRight";
				INFOPLIST_KEY_UISupportedInterfaceOrientations_iPhone = "UIInterfaceOrientationPortrait UIInterfaceOrientationLandscapeLeft UIInterfaceOrientationLandscapeRight";
				IPHONEOS_DEPLOYMENT_TARGET = 14.0;
				LD_RUNPATH_SEARCH_PATHS = (
					"$(inherited)",
					"@executable_path/Frameworks",
				);
				MARKETING_VERSION = 1.0;
				PRODUCT_BUNDLE_IDENTIFIER = "terso.Netflix-Clone";
				PRODUCT_NAME = "$(TARGET_NAME)";
				SWIFT_EMIT_LOC_STRINGS = YES;
				SWIFT_VERSION = 5.0;
				TARGETED_DEVICE_FAMILY = "1,2";
			};
			name = Debug;
		};
		9FB17D642B6C3F3400D10A4D /* Release */ = {
			isa = XCBuildConfiguration;
			buildSettings = {
				ASSETCATALOG_COMPILER_APPICON_NAME = AppIcon;
				ASSETCATALOG_COMPILER_GLOBAL_ACCENT_COLOR_NAME = AccentColor;
				CODE_SIGN_STYLE = Automatic;
				CURRENT_PROJECT_VERSION = 1;
				DEVELOPMENT_TEAM = NMQPZAU46W;
				GENERATE_INFOPLIST_FILE = YES;
				INFOPLIST_FILE = "Netflix Clone/Info.plist";
				INFOPLIST_KEY_UIApplicationSupportsIndirectInputEvents = YES;
				INFOPLIST_KEY_UILaunchStoryboardName = LaunchScreen;
				INFOPLIST_KEY_UIStatusBarStyle = "";
				INFOPLIST_KEY_UISupportedInterfaceOrientations_iPad = "UIInterfaceOrientationPortrait UIInterfaceOrientationPortraitUpsideDown UIInterfaceOrientationLandscapeLeft UIInterfaceOrientationLandscapeRight";
				INFOPLIST_KEY_UISupportedInterfaceOrientations_iPhone = "UIInterfaceOrientationPortrait UIInterfaceOrientationLandscapeLeft UIInterfaceOrientationLandscapeRight";
				IPHONEOS_DEPLOYMENT_TARGET = 14.0;
				LD_RUNPATH_SEARCH_PATHS = (
					"$(inherited)",
					"@executable_path/Frameworks",
				);
				MARKETING_VERSION = 1.0;
				PRODUCT_BUNDLE_IDENTIFIER = "terso.Netflix-Clone";
				PRODUCT_NAME = "$(TARGET_NAME)";
				SWIFT_EMIT_LOC_STRINGS = YES;
				SWIFT_VERSION = 5.0;
				TARGETED_DEVICE_FAMILY = "1,2";
			};
			name = Release;
		};
		9FB17D662B6C3F3400D10A4D /* Debug */ = {
			isa = XCBuildConfiguration;
			buildSettings = {
				ALWAYS_EMBED_SWIFT_STANDARD_LIBRARIES = YES;
				BUNDLE_LOADER = "$(TEST_HOST)";
				CODE_SIGN_STYLE = Automatic;
				CURRENT_PROJECT_VERSION = 1;
				DEVELOPMENT_TEAM = NMQPZAU46W;
				GENERATE_INFOPLIST_FILE = YES;
				IPHONEOS_DEPLOYMENT_TARGET = 16.4;
				MARKETING_VERSION = 1.0;
				PRODUCT_BUNDLE_IDENTIFIER = "terso.Netflix-CloneTests";
				PRODUCT_NAME = "$(TARGET_NAME)";
				SWIFT_EMIT_LOC_STRINGS = NO;
				SWIFT_VERSION = 5.0;
				TARGETED_DEVICE_FAMILY = "1,2";
				TEST_HOST = "$(BUILT_PRODUCTS_DIR)/Netflix Clone.app/$(BUNDLE_EXECUTABLE_FOLDER_PATH)/Netflix Clone";
			};
			name = Debug;
		};
		9FB17D672B6C3F3400D10A4D /* Release */ = {
			isa = XCBuildConfiguration;
			buildSettings = {
				ALWAYS_EMBED_SWIFT_STANDARD_LIBRARIES = YES;
				BUNDLE_LOADER = "$(TEST_HOST)";
				CODE_SIGN_STYLE = Automatic;
				CURRENT_PROJECT_VERSION = 1;
				DEVELOPMENT_TEAM = NMQPZAU46W;
				GENERATE_INFOPLIST_FILE = YES;
				IPHONEOS_DEPLOYMENT_TARGET = 16.4;
				MARKETING_VERSION = 1.0;
				PRODUCT_BUNDLE_IDENTIFIER = "terso.Netflix-CloneTests";
				PRODUCT_NAME = "$(TARGET_NAME)";
				SWIFT_EMIT_LOC_STRINGS = NO;
				SWIFT_VERSION = 5.0;
				TARGETED_DEVICE_FAMILY = "1,2";
				TEST_HOST = "$(BUILT_PRODUCTS_DIR)/Netflix Clone.app/$(BUNDLE_EXECUTABLE_FOLDER_PATH)/Netflix Clone";
			};
			name = Release;
		};
		9FB17D692B6C3F3400D10A4D /* Debug */ = {
			isa = XCBuildConfiguration;
			buildSettings = {
				ALWAYS_EMBED_SWIFT_STANDARD_LIBRARIES = YES;
				CODE_SIGN_STYLE = Automatic;
				CURRENT_PROJECT_VERSION = 1;
				DEVELOPMENT_TEAM = NMQPZAU46W;
				GENERATE_INFOPLIST_FILE = YES;
				MARKETING_VERSION = 1.0;
				PRODUCT_BUNDLE_IDENTIFIER = "terso.Netflix-CloneUITests";
				PRODUCT_NAME = "$(TARGET_NAME)";
				SWIFT_EMIT_LOC_STRINGS = NO;
				SWIFT_VERSION = 5.0;
				TARGETED_DEVICE_FAMILY = "1,2";
				TEST_TARGET_NAME = "Netflix Clone";
			};
			name = Debug;
		};
		9FB17D6A2B6C3F3400D10A4D /* Release */ = {
			isa = XCBuildConfiguration;
			buildSettings = {
				ALWAYS_EMBED_SWIFT_STANDARD_LIBRARIES = YES;
				CODE_SIGN_STYLE = Automatic;
				CURRENT_PROJECT_VERSION = 1;
				DEVELOPMENT_TEAM = NMQPZAU46W;
				GENERATE_INFOPLIST_FILE = YES;
				MARKETING_VERSION = 1.0;
				PRODUCT_BUNDLE_IDENTIFIER = "terso.Netflix-CloneUITests";
				PRODUCT_NAME = "$(TARGET_NAME)";
				SWIFT_EMIT_LOC_STRINGS = NO;
				SWIFT_VERSION = 5.0;
				TARGETED_DEVICE_FAMILY = "1,2";
				TEST_TARGET_NAME = "Netflix Clone";
			};
			name = Release;
		};
/* End XCBuildConfiguration section */

/* Begin XCConfigurationList section */
		9FB17D332B6C3F3300D10A4D /* Build configuration list for PBXProject "Netflix Clone" */ = {
			isa = XCConfigurationList;
			buildConfigurations = (
				9FB17D602B6C3F3400D10A4D /* Debug */,
				9FB17D612B6C3F3400D10A4D /* Release */,
			);
			defaultConfigurationIsVisible = 0;
			defaultConfigurationName = Release;
		};
		9FB17D622B6C3F3400D10A4D /* Build configuration list for PBXNativeTarget "Netflix Clone" */ = {
			isa = XCConfigurationList;
			buildConfigurations = (
				9FB17D632B6C3F3400D10A4D /* Debug */,
				9FB17D642B6C3F3400D10A4D /* Release */,
			);
			defaultConfigurationIsVisible = 0;
			defaultConfigurationName = Release;
		};
		9FB17D652B6C3F3400D10A4D /* Build configuration list for PBXNativeTarget "Netflix CloneTests" */ = {
			isa = XCConfigurationList;
			buildConfigurations = (
				9FB17D662B6C3F3400D10A4D /* Debug */,
				9FB17D672B6C3F3400D10A4D /* Release */,
			);
			defaultConfigurationIsVisible = 0;
			defaultConfigurationName = Release;
		};
		9FB17D682B6C3F3400D10A4D /* Build configuration list for PBXNativeTarget "Netflix CloneUITests" */ = {
			isa = XCConfigurationList;
			buildConfigurations = (
				9FB17D692B6C3F3400D10A4D /* Debug */,
				9FB17D6A2B6C3F3400D10A4D /* Release */,
			);
			defaultConfigurationIsVisible = 0;
			defaultConfigurationName = Release;
		};
/* End XCConfigurationList section */

/* Begin XCRemoteSwiftPackageReference section */
		9F680A482B6EFABE009CF371 /* XCRemoteSwiftPackageReference "SDWebImage" */ = {
			isa = XCRemoteSwiftPackageReference;
			repositoryURL = "https://github.com/SDWebImage/SDWebImage";
			requirement = {
				branch = master;
				kind = branch;
			};
		};
/* End XCRemoteSwiftPackageReference section */

/* Begin XCSwiftPackageProductDependency section */
		9F680A492B6EFABE009CF371 /* SDWebImage */ = {
			isa = XCSwiftPackageProductDependency;
			package = 9F680A482B6EFABE009CF371 /* XCRemoteSwiftPackageReference "SDWebImage" */;
			productName = SDWebImage;
		};
		9F680A4B2B6EFABE009CF371 /* SDWebImageMapKit */ = {
			isa = XCSwiftPackageProductDependency;
			package = 9F680A482B6EFABE009CF371 /* XCRemoteSwiftPackageReference "SDWebImage" */;
			productName = SDWebImageMapKit;
		};
/* End XCSwiftPackageProductDependency section */
	};
	rootObject = 9FB17D302B6C3F3300D10A4D /* Project object */;
}
